
Microsoft Visual Studio Solution File, Format Version 12.00
# Visual Studio Version 17
VisualStudioVersion = 17.2.32630.192
MinimumVisualStudioVersion = 10.0.40219.1
Project("{FAE04EC0-301F-11D3-BF4B-00C04F79EFBC}") = "Calculator.WebForm", "Calculator.WebForm\Calculator.WebForm.csproj", "{AA2C3BE1-9861-453F-9F6F-07624286C8F5}"
EndProject
Global
	GlobalSection(SolutionConfigurationPlatforms) = preSolution
		Debug|Any CPU = Debug|Any CPU
		Release|Any CPU = Release|Any CPU
	EndGlobalSection
	GlobalSection(ProjectConfigurationPlatforms) = postSolution
		{AA2C3BE1-9861-453F-9F6F-07624286C8F5}.Debug|Any CPU.ActiveCfg = Debug|Any CPU
		{AA2C3BE1-9861-453F-9F6F-07624286C8F5}.Debug|Any CPU.Build.0 = Debug|Any CPU
		{AA2C3BE1-9861-453F-9F6F-07624286C8F5}.Release|Any CPU.ActiveCfg = Release|Any CPU
		{AA2C3BE1-9861-453F-9F6F-07624286C8F5}.Release|Any CPU.Build.0 = Release|Any CPU
	EndGlobalSection
	GlobalSection(SolutionProperties) = preSolution
		HideSolutionNode = FALSE
	EndGlobalSection
	GlobalSection(ExtensibilityGlobals) = postSolution
		SolutionGuid = {4589C37A-0A16-452D-BD6B-42B3AB5B0B72}
	EndGlobalSection
EndGlobal
